PODS:
  - Alamofire (5.4.4)
  - Kingfisher (7.1.1)
  - PKHUD (5.3.0)

DEPENDENCIES:
  - Alamofire
  - Kingfisher
  - PKHUD

SPEC REPOS:
  trunk:
    - Alamofire
    - Kingfisher
    - PKHUD

SPEC CHECKSUMS:
  Alamofire: f3b09a368f1582ab751b3fff5460276e0d2cf5c9
  Kingfisher: f738f9c4a3415823b8e2985d10aa2d6a9f37bc4d
  PKHUD: 98f3e4bc904b9c916f1c5bb6d765365b5357291b

PODFILE CHECKSUM: 7f90c9f101b949f79d39fb1a8175473b8b9a557a

COCOAPODS: 1.11.2
