// !$*UTF8*$!
{
	archiveVersion = 1;
	classes = {
	};
	objectVersion = 55;
	objects = {

/* Begin PBXBuildFile section */
		0E54DABEA290A6414C63DAFC /* libPods-Effervescent.a in Frameworks */ = {isa = PBXBuildFile; fileRef = 7FC6CE4C95FEA32B1FCEB75E /* libPods-Effervescent.a */; };
		952F36C92737E41B00AF8818 /* AppDelegate.swift in Sources */ = {isa = PBXBuildFile; fileRef = 952F36C82737E41B00AF8818 /* AppDelegate.swift */; };
		952F36CB2737E41B00AF8818 /* SceneDelegate.swift in Sources */ = {isa = PBXBuildFile; fileRef = 952F36CA2737E41B00AF8818 /* SceneDelegate.swift */; };
		952F36D02737E41B00AF8818 /* Main.storyboard in Resources */ = {isa = PBXBuildFile; fileRef = 952F36CE2737E41B00AF8818 /* Main.storyboard */; };
		952F36D22737E41E00AF8818 /* Assets.xcassets in Resources */ = {isa = PBXBuildFile; fileRef = 952F36D12737E41E00AF8818 /* Assets.xcassets */; };
		952F36D52737E41E00AF8818 /* LaunchScreen.storyboard in Resources */ = {isa = PBXBuildFile; fileRef = 952F36D32737E41E00AF8818 /* LaunchScreen.storyboard */; };
		952F36E02737E47600AF8818 /* BaseViewController.swift in Sources */ = {isa = PBXBuildFile; fileRef = 952F36DE2737E47600AF8818 /* BaseViewController.swift */; };
		952F36E12737E47600AF8818 /* MainViewController.swift in Sources */ = {isa = PBXBuildFile; fileRef = 952F36DF2737E47600AF8818 /* MainViewController.swift */; };
		952F36EC2737E47F00AF8818 /* LastReplies.swift in Sources */ = {isa = PBXBuildFile; fileRef = 952F36E42737E47F00AF8818 /* LastReplies.swift */; };
		952F36ED2737E47F00AF8818 /* Threads.swift in Sources */ = {isa = PBXBuildFile; fileRef = 952F36E52737E47F00AF8818 /* Threads.swift */; };
		952F36EE2737E47F00AF8818 /* Cooldowns.swift in Sources */ = {isa = PBXBuildFile; fileRef = 952F36E62737E47F00AF8818 /* Cooldowns.swift */; };
		952F36EF2737E47F00AF8818 /* ThreadList.swift in Sources */ = {isa = PBXBuildFile; fileRef = 952F36E82737E47F00AF8818 /* ThreadList.swift */; };
		952F36F02737E47F00AF8818 /* Boards.swift in Sources */ = {isa = PBXBuildFile; fileRef = 952F36E92737E47F00AF8818 /* Boards.swift */; };
		952F36F12737E47F00AF8818 /* Archieve.swift in Sources */ = {isa = PBXBuildFile; fileRef = 952F36EA2737E47F00AF8818 /* Archieve.swift */; };
		952F36F22737E47F00AF8818 /* Catalog.swift in Sources */ = {isa = PBXBuildFile; fileRef = 952F36EB2737E47F00AF8818 /* Catalog.swift */; };
		952F36F52737E48800AF8818 /* GeneralSettings.swift in Sources */ = {isa = PBXBuildFile; fileRef = 952F36F42737E48800AF8818 /* GeneralSettings.swift */; };
		95896B4E273E54C50061804D /* EffervescentUITests.swift in Sources */ = {isa = PBXBuildFile; fileRef = 95896B4D273E54C50061804D /* EffervescentUITests.swift */; };
		95896B50273E54C50061804D /* EffervescentUITestsLaunchTests.swift in Sources */ = {isa = PBXBuildFile; fileRef = 95896B4F273E54C50061804D /* EffervescentUITestsLaunchTests.swift */; };
		95896B57273E557E0061804D /* SnapshotHelper.swift in Sources */ = {isa = PBXBuildFile; fileRef = 95896B56273E557E0061804D /* SnapshotHelper.swift */; };
		95C60CCC2737E8C70008F3A8 /* Main.swift in Sources */ = {isa = PBXBuildFile; fileRef = 95C60CCB2737E8C70008F3A8 /* Main.swift */; };
		95C60CD02737EB6A0008F3A8 /* PostCollectionViewCell.swift in Sources */ = {isa = PBXBuildFile; fileRef = 95C60CCE2737EB6A0008F3A8 /* PostCollectionViewCell.swift */; };
		95C60CD12737EB6A0008F3A8 /* PostCollectionViewCell.xib in Resources */ = {isa = PBXBuildFile; fileRef = 95C60CCF2737EB6A0008F3A8 /* PostCollectionViewCell.xib */; };
		95C60CD42737EC1D0008F3A8 /* UIImage+GIF.swift in Sources */ = {isa = PBXBuildFile; fileRef = 95C60CD32737EC1D0008F3A8 /* UIImage+GIF.swift */; };
		95C60CD62737EC3A0008F3A8 /* UIView+Layer.swift in Sources */ = {isa = PBXBuildFile; fileRef = 95C60CD52737EC3A0008F3A8 /* UIView+Layer.swift */; };
		95C60CD82737EC560008F3A8 /* UIButton+ResizedImage.swift in Sources */ = {isa = PBXBuildFile; fileRef = 95C60CD72737EC560008F3A8 /* UIButton+ResizedImage.swift */; };
		95C60CDA2737EC800008F3A8 /* UIView+Gradient.swift in Sources */ = {isa = PBXBuildFile; fileRef = 95C60CD92737EC800008F3A8 /* UIView+Gradient.swift */; };
		95C60CDC2737F7100008F3A8 /* BoardsViewController.swift in Sources */ = {isa = PBXBuildFile; fileRef = 95C60CDB2737F7100008F3A8 /* BoardsViewController.swift */; };
/* End PBXBuildFile section */

/* Begin PBXContainerItemProxy section */
		95896B51273E54C50061804D /* PBXContainerItemProxy */ = {
			isa = PBXContainerItemProxy;
			containerPortal = 952F36BD2737E41B00AF8818 /* Project object */;
			proxyType = 1;
			remoteGlobalIDString = 952F36C42737E41B00AF8818;
			remoteInfo = Effervescent;
		};
/* End PBXContainerItemProxy section */

/* Begin PBXFileReference section */
		1944A8438B412280CFB321C0 /* Pods-Effervescent.release.xcconfig */ = {isa = PBXFileReference; includeInIndex = 1; lastKnownFileType = text.xcconfig; name = "Pods-Effervescent.release.xcconfig"; path = "Target Support Files/Pods-Effervescent/Pods-Effervescent.release.xcconfig"; sourceTree = "<group>"; };
		7FC6CE4C95FEA32B1FCEB75E /* libPods-Effervescent.a */ = {isa = PBXFileReference; explicitFileType = archive.ar; includeInIndex = 0; path = "libPods-Effervescent.a"; sourceTree = BUILT_PRODUCTS_DIR; };
		952F36C52737E41B00AF8818 /* Effervescent.app */ = {isa = PBXFileReference; explicitFileType = wrapper.application; includeInIndex = 0; path = Effervescent.app; sourceTree = BUILT_PRODUCTS_DIR; };
		952F36C82737E41B00AF8818 /* AppDelegate.swift */ = {isa = PBXFileReference; lastKnownFileType = sourcecode.swift; path = AppDelegate.swift; sourceTree = "<group>"; };
		952F36CA2737E41B00AF8818 /* SceneDelegate.swift */ = {isa = PBXFileReference; lastKnownFileType = sourcecode.swift; path = SceneDelegate.swift; sourceTree = "<group>"; };
		952F36CF2737E41B00AF8818 /* Base */ = {isa = PBXFileReference; lastKnownFileType = file.storyboard; name = Base; path = Base.lproj/Main.storyboard; sourceTree = "<group>"; };
		952F36D12737E41E00AF8818 /* Assets.xcassets */ = {isa = PBXFileReference; lastKnownFileType = folder.assetcatalog; path = Assets.xcassets; sourceTree = "<group>"; };
		952F36D42737E41E00AF8818 /* Base */ = {isa = PBXFileReference; lastKnownFileType = file.storyboard; name = Base; path = Base.lproj/LaunchScreen.storyboard; sourceTree = "<group>"; };
		952F36D62737E41E00AF8818 /* Info.plist */ = {isa = PBXFileReference; lastKnownFileType = text.plist.xml; path = Info.plist; sourceTree = "<group>"; };
		952F36DE2737E47600AF8818 /* BaseViewController.swift */ = {isa = PBXFileReference; fileEncoding = 4; lastKnownFileType = sourcecode.swift; path = BaseViewController.swift; sourceTree = "<group>"; };
		952F36DF2737E47600AF8818 /* MainViewController.swift */ = {isa = PBXFileReference; fileEncoding = 4; lastKnownFileType = sourcecode.swift; path = MainViewController.swift; sourceTree = "<group>"; };
		952F36E42737E47F00AF8818 /* LastReplies.swift */ = {isa = PBXFileReference; fileEncoding = 4; lastKnownFileType = sourcecode.swift; path = LastReplies.swift; sourceTree = "<group>"; };
		952F36E52737E47F00AF8818 /* Threads.swift */ = {isa = PBXFileReference; fileEncoding = 4; lastKnownFileType = sourcecode.swift; path = Threads.swift; sourceTree = "<group>"; };
		952F36E62737E47F00AF8818 /* Cooldowns.swift */ = {isa = PBXFileReference; fileEncoding = 4; lastKnownFileType = sourcecode.swift; path = Cooldowns.swift; sourceTree = "<group>"; };
		952F36E82737E47F00AF8818 /* ThreadList.swift */ = {isa = PBXFileReference; fileEncoding = 4; lastKnownFileType = sourcecode.swift; path = ThreadList.swift; sourceTree = "<group>"; };
		952F36E92737E47F00AF8818 /* Boards.swift */ = {isa = PBXFileReference; fileEncoding = 4; lastKnownFileType = sourcecode.swift; path = Boards.swift; sourceTree = "<group>"; };
		952F36EA2737E47F00AF8818 /* Archieve.swift */ = {isa = PBXFileReference; fileEncoding = 4; lastKnownFileType = sourcecode.swift; path = Archieve.swift; sourceTree = "<group>"; };
		952F36EB2737E47F00AF8818 /* Catalog.swift */ = {isa = PBXFileReference; fileEncoding = 4; lastKnownFileType = sourcecode.swift; path = Catalog.swift; sourceTree = "<group>"; };
		952F36F42737E48800AF8818 /* GeneralSettings.swift */ = {isa = PBXFileReference; fileEncoding = 4; lastKnownFileType = sourcecode.swift; path = GeneralSettings.swift; sourceTree = "<group>"; };
		95896B4B273E54C50061804D /* EffervescentUITests.xctest */ = {isa = PBXFileReference; explicitFileType = wrapper.cfbundle; includeInIndex = 0; path = EffervescentUITests.xctest; sourceTree = BUILT_PRODUCTS_DIR; };
		95896B4D273E54C50061804D /* EffervescentUITests.swift */ = {isa = PBXFileReference; lastKnownFileType = sourcecode.swift; path = EffervescentUITests.swift; sourceTree = "<group>"; };
		95896B4F273E54C50061804D /* EffervescentUITestsLaunchTests.swift */ = {isa = PBXFileReference; lastKnownFileType = sourcecode.swift; path = EffervescentUITestsLaunchTests.swift; sourceTree = "<group>"; };
		95896B56273E557E0061804D /* SnapshotHelper.swift */ = {isa = PBXFileReference; fileEncoding = 4; lastKnownFileType = sourcecode.swift; name = SnapshotHelper.swift; path = fastlane/SnapshotHelper.swift; sourceTree = SOURCE_ROOT; };
		95C60CCB2737E8C70008F3A8 /* Main.swift */ = {isa = PBXFileReference; lastKnownFileType = sourcecode.swift; path = Main.swift; sourceTree = "<group>"; };
		95C60CCE2737EB6A0008F3A8 /* PostCollectionViewCell.swift */ = {isa = PBXFileReference; lastKnownFileType = sourcecode.swift; path = PostCollectionViewCell.swift; sourceTree = "<group>"; };
		95C60CCF2737EB6A0008F3A8 /* PostCollectionViewCell.xib */ = {isa = PBXFileReference; lastKnownFileType = file.xib; path = PostCollectionViewCell.xib; sourceTree = "<group>"; };
		95C60CD32737EC1D0008F3A8 /* UIImage+GIF.swift */ = {isa = PBXFileReference; lastKnownFileType = sourcecode.swift; path = "UIImage+GIF.swift"; sourceTree = "<group>"; };
		95C60CD52737EC3A0008F3A8 /* UIView+Layer.swift */ = {isa = PBXFileReference; lastKnownFileType = sourcecode.swift; path = "UIView+Layer.swift"; sourceTree = "<group>"; };
		95C60CD72737EC560008F3A8 /* UIButton+ResizedImage.swift */ = {isa = PBXFileReference; lastKnownFileType = sourcecode.swift; path = "UIButton+ResizedImage.swift"; sourceTree = "<group>"; };
		95C60CD92737EC800008F3A8 /* UIView+Gradient.swift */ = {isa = PBXFileReference; lastKnownFileType = sourcecode.swift; path = "UIView+Gradient.swift"; sourceTree = "<group>"; };
		95C60CDB2737F7100008F3A8 /* BoardsViewController.swift */ = {isa = PBXFileReference; lastKnownFileType = sourcecode.swift; path = BoardsViewController.swift; sourceTree = "<group>"; };
		AA6ABC6B734ACC9B9B7B6664 /* Pods-Effervescent.debug.xcconfig */ = {isa = PBXFileReference; includeInIndex = 1; lastKnownFileType = text.xcconfig; name = "Pods-Effervescent.debug.xcconfig"; path = "Target Support Files/Pods-Effervescent/Pods-Effervescent.debug.xcconfig"; sourceTree = "<group>"; };
/* End PBXFileReference section */

/* Begin PBXFrameworksBuildPhase section */
		952F36C22737E41B00AF8818 /* Frameworks */ = {
			isa = PBXFrameworksBuildPhase;
			buildActionMask = 2147483647;
			files = (
				0E54DABEA290A6414C63DAFC /* libPods-Effervescent.a in Frameworks */,
			);
			runOnlyForDeploymentPostprocessing = 0;
		};
		95896B48273E54C50061804D /* Frameworks */ = {
			isa = PBXFrameworksBuildPhase;
			buildActionMask = 2147483647;
			files = (
			);
			runOnlyForDeploymentPostprocessing = 0;
		};
/* End PBXFrameworksBuildPhase section */

/* Begin PBXGroup section */
		00364352B29FCB136AEEE393 /* Frameworks */ = {
			isa = PBXGroup;
			children = (
				7FC6CE4C95FEA32B1FCEB75E /* libPods-Effervescent.a */,
			);
			name = Frameworks;
			sourceTree = "<group>";
		};
		7FCFC19D312B4557563C13D3 /* Pods */ = {
			isa = PBXGroup;
			children = (
				AA6ABC6B734ACC9B9B7B6664 /* Pods-Effervescent.debug.xcconfig */,
				1944A8438B412280CFB321C0 /* Pods-Effervescent.release.xcconfig */,
			);
			path = Pods;
			sourceTree = "<group>";
		};
		952F36BC2737E41B00AF8818 = {
			isa = PBXGroup;
			children = (
				952F36C72737E41B00AF8818 /* Effervescent */,
				95896B4C273E54C50061804D /* EffervescentUITests */,
				952F36C62737E41B00AF8818 /* Products */,
				7FCFC19D312B4557563C13D3 /* Pods */,
				00364352B29FCB136AEEE393 /* Frameworks */,
			);
			sourceTree = "<group>";
		};
		952F36C62737E41B00AF8818 /* Products */ = {
			isa = PBXGroup;
			children = (
				952F36C52737E41B00AF8818 /* Effervescent.app */,
				95896B4B273E54C50061804D /* EffervescentUITests.xctest */,
			);
			name = Products;
			sourceTree = "<group>";
		};
		952F36C72737E41B00AF8818 /* Effervescent */ = {
			isa = PBXGroup;
			children = (
				952F36F72737E4B200AF8818 /* Supporting Files */,
				952F36F62737E4A700AF8818 /* Storyboards */,
				952F36F32737E48800AF8818 /* Settings */,
				952F36DC2737E46E00AF8818 /* Extensions */,
				952F36DD2737E47600AF8818 /* Controllers */,
				95C60CCD2737EAFE0008F3A8 /* Views */,
				952F36E22737E47F00AF8818 /* Models */,
			);
			path = Effervescent;
			sourceTree = "<group>";
		};
		952F36DC2737E46E00AF8818 /* Extensions */ = {
			isa = PBXGroup;
			children = (
				95C60CD32737EC1D0008F3A8 /* UIImage+GIF.swift */,
				95C60CD52737EC3A0008F3A8 /* UIView+Layer.swift */,
				95C60CD72737EC560008F3A8 /* UIButton+ResizedImage.swift */,
				95C60CD92737EC800008F3A8 /* UIView+Gradient.swift */,
			);
			path = Extensions;
			sourceTree = "<group>";
		};
		952F36DD2737E47600AF8818 /* Controllers */ = {
			isa = PBXGroup;
			children = (
				952F36DE2737E47600AF8818 /* BaseViewController.swift */,
				952F36DF2737E47600AF8818 /* MainViewController.swift */,
				95C60CDB2737F7100008F3A8 /* BoardsViewController.swift */,
			);
			path = Controllers;
			sourceTree = "<group>";
		};
		952F36E22737E47F00AF8818 /* Models */ = {
			isa = PBXGroup;
			children = (
				952F36E72737E47F00AF8818 /* Main */,
				952F36E32737E47F00AF8818 /* Sub */,
			);
			path = Models;
			sourceTree = "<group>";
		};
		952F36E32737E47F00AF8818 /* Sub */ = {
			isa = PBXGroup;
			children = (
				952F36E42737E47F00AF8818 /* LastReplies.swift */,
				952F36E52737E47F00AF8818 /* Threads.swift */,
				952F36E62737E47F00AF8818 /* Cooldowns.swift */,
			);
			path = Sub;
			sourceTree = "<group>";
		};
		952F36E72737E47F00AF8818 /* Main */ = {
			isa = PBXGroup;
			children = (
				95C60CCB2737E8C70008F3A8 /* Main.swift */,
				952F36E82737E47F00AF8818 /* ThreadList.swift */,
				952F36E92737E47F00AF8818 /* Boards.swift */,
				952F36EA2737E47F00AF8818 /* Archieve.swift */,
				952F36EB2737E47F00AF8818 /* Catalog.swift */,
			);
			path = Main;
			sourceTree = "<group>";
		};
		952F36F32737E48800AF8818 /* Settings */ = {
			isa = PBXGroup;
			children = (
				952F36F42737E48800AF8818 /* GeneralSettings.swift */,
			);
			path = Settings;
			sourceTree = "<group>";
		};
		952F36F62737E4A700AF8818 /* Storyboards */ = {
			isa = PBXGroup;
			children = (
				952F36CE2737E41B00AF8818 /* Main.storyboard */,
				952F36D32737E41E00AF8818 /* LaunchScreen.storyboard */,
			);
			name = Storyboards;
			sourceTree = "<group>";
		};
		952F36F72737E4B200AF8818 /* Supporting Files */ = {
			isa = PBXGroup;
			children = (
				952F36C82737E41B00AF8818 /* AppDelegate.swift */,
				952F36CA2737E41B00AF8818 /* SceneDelegate.swift */,
				952F36D12737E41E00AF8818 /* Assets.xcassets */,
				952F36D62737E41E00AF8818 /* Info.plist */,
			);
			path = "Supporting Files";
			sourceTree = "<group>";
		};
		95896B4C273E54C50061804D /* EffervescentUITests */ = {
			isa = PBXGroup;
			children = (
				95896B56273E557E0061804D /* SnapshotHelper.swift */,
				95896B4D273E54C50061804D /* EffervescentUITests.swift */,
				95896B4F273E54C50061804D /* EffervescentUITestsLaunchTests.swift */,
			);
			path = EffervescentUITests;
			sourceTree = "<group>";
		};
		95C60CCD2737EAFE0008F3A8 /* Views */ = {
			isa = PBXGroup;
			children = (
				95C60CCE2737EB6A0008F3A8 /* PostCollectionViewCell.swift */,
				95C60CCF2737EB6A0008F3A8 /* PostCollectionViewCell.xib */,
			);
			path = Views;
			sourceTree = "<group>";
		};
/* End PBXGroup section */

/* Begin PBXNativeTarget section */
		952F36C42737E41B00AF8818 /* Effervescent */ = {
			isa = PBXNativeTarget;
			buildConfigurationList = 952F36D92737E41E00AF8818 /* Build configuration list for PBXNativeTarget "Effervescent" */;
			buildPhases = (
				EE1EC0B241596C41748D6D06 /* [CP] Check Pods Manifest.lock */,
				952F36C12737E41B00AF8818 /* Sources */,
				952F36C22737E41B00AF8818 /* Frameworks */,
				952F36C32737E41B00AF8818 /* Resources */,
				B3E804F1A724C17CDEB60C67 /* [CP] Copy Pods Resources */,
			);
			buildRules = (
			);
			dependencies = (
			);
			name = Effervescent;
			productName = Effervescent;
			productReference = 952F36C52737E41B00AF8818 /* Effervescent.app */;
			productType = "com.apple.product-type.application";
		};
		95896B4A273E54C50061804D /* EffervescentUITests */ = {
			isa = PBXNativeTarget;
			buildConfigurationList = 95896B55273E54C50061804D /* Build configuration list for PBXNativeTarget "EffervescentUITests" */;
			buildPhases = (
				95896B47273E54C50061804D /* Sources */,
				95896B48273E54C50061804D /* Frameworks */,
				95896B49273E54C50061804D /* Resources */,
			);
			buildRules = (
			);
			dependencies = (
				95896B52273E54C50061804D /* PBXTargetDependency */,
			);
			name = EffervescentUITests;
			productName = EffervescentUITests;
			productReference = 95896B4B273E54C50061804D /* EffervescentUITests.xctest */;
			productType = "com.apple.product-type.bundle.ui-testing";
		};
/* End PBXNativeTarget section */

/* Begin PBXProject section */
		952F36BD2737E41B00AF8818 /* Project object */ = {
			isa = PBXProject;
			attributes = {
				BuildIndependentTargetsInParallel = 1;
				LastSwiftUpdateCheck = 1310;
				LastUpgradeCheck = 1310;
				TargetAttributes = {
					952F36C42737E41B00AF8818 = {
						CreatedOnToolsVersion = 13.1;
					};
					95896B4A273E54C50061804D = {
						CreatedOnToolsVersion = 13.1;
						TestTargetID = 952F36C42737E41B00AF8818;
					};
				};
			};
			buildConfigurationList = 952F36C02737E41B00AF8818 /* Build configuration list for PBXProject "Effervescent" */;
			compatibilityVersion = "Xcode 13.0";
			developmentRegion = en;
			hasScannedForEncodings = 0;
			knownRegions = (
				en,
				Base,
			);
			mainGroup = 952F36BC2737E41B00AF8818;
			productRefGroup = 952F36C62737E41B00AF8818 /* Products */;
			projectDirPath = "";
			projectRoot = "";
			targets = (
				952F36C42737E41B00AF8818 /* Effervescent */,
				95896B4A273E54C50061804D /* EffervescentUITests */,
			);
		};
/* End PBXProject section */

/* Begin PBXResourcesBuildPhase section */
		952F36C32737E41B00AF8818 /* Resources */ = {
			isa = PBXResourcesBuildPhase;
			buildActionMask = 2147483647;
			files = (
				952F36D52737E41E00AF8818 /* LaunchScreen.storyboard in Resources */,
				952F36D22737E41E00AF8818 /* Assets.xcassets in Resources */,
				952F36D02737E41B00AF8818 /* Main.storyboard in Resources */,
				95C60CD12737EB6A0008F3A8 /* PostCollectionViewCell.xib in Resources */,
			);
			runOnlyForDeploymentPostprocessing = 0;
		};
		95896B49273E54C50061804D /* Resources */ = {
			isa = PBXResourcesBuildPhase;
			buildActionMask = 2147483647;
			files = (
			);
			runOnlyForDeploymentPostprocessing = 0;
		};
/* End PBXResourcesBuildPhase section */

/* Begin PBXShellScriptBuildPhase section */
		B3E804F1A724C17CDEB60C67 /* [CP] Copy Pods Resources */ = {
			isa = PBXShellScriptBuildPhase;
			buildActionMask = 2147483647;
			files = (
			);
			inputFileListPaths = (
				"${PODS_ROOT}/Target Support Files/Pods-Effervescent/Pods-Effervescent-resources-${CONFIGURATION}-input-files.xcfilelist",
			);
			name = "[CP] Copy Pods Resources";
			outputFileListPaths = (
				"${PODS_ROOT}/Target Support Files/Pods-Effervescent/Pods-Effervescent-resources-${CONFIGURATION}-output-files.xcfilelist",
			);
			runOnlyForDeploymentPostprocessing = 0;
			shellPath = /bin/sh;
			shellScript = "\"${PODS_ROOT}/Target Support Files/Pods-Effervescent/Pods-Effervescent-resources.sh\"\n";
			showEnvVarsInLog = 0;
		};
		EE1EC0B241596C41748D6D06 /* [CP] Check Pods Manifest.lock */ = {
			isa = PBXShellScriptBuildPhase;
			buildActionMask = 2147483647;
			files = (
			);
			inputFileListPaths = (
			);
			inputPaths = (
				"${PODS_PODFILE_DIR_PATH}/Podfile.lock",
				"${PODS_ROOT}/Manifest.lock",
			);
			name = "[CP] Check Pods Manifest.lock";
			outputFileListPaths = (
			);
			outputPaths = (
				"$(DERIVED_FILE_DIR)/Pods-Effervescent-checkManifestLockResult.txt",
			);
			runOnlyForDeploymentPostprocessing = 0;
			shellPath = /bin/sh;
			shellScript = "diff \"${PODS_PODFILE_DIR_PATH}/Podfile.lock\" \"${PODS_ROOT}/Manifest.lock\" > /dev/null\nif [ $? != 0 ] ; then\n    # print error to STDERR\n    echo \"error: The sandbox is not in sync with the Podfile.lock. Run 'pod install' or update your CocoaPods installation.\" >&2\n    exit 1\nfi\n# This output is used by Xcode 'outputs' to avoid re-running this script phase.\necho \"SUCCESS\" > \"${SCRIPT_OUTPUT_FILE_0}\"\n";
			showEnvVarsInLog = 0;
		};
/* End PBXShellScriptBuildPhase section */

/* Begin PBXSourcesBuildPhase section */
		952F36C12737E41B00AF8818 /* Sources */ = {
			isa = PBXSourcesBuildPhase;
			buildActionMask = 2147483647;
			files = (
				952F36E02737E47600AF8818 /* BaseViewController.swift in Sources */,
				95C60CDC2737F7100008F3A8 /* BoardsViewController.swift in Sources */,
				952F36EE2737E47F00AF8818 /* Cooldowns.swift in Sources */,
				95C60CD82737EC560008F3A8 /* UIButton+ResizedImage.swift in Sources */,
				952F36F52737E48800AF8818 /* GeneralSettings.swift in Sources */,
				952F36F22737E47F00AF8818 /* Catalog.swift in Sources */,
				95C60CCC2737E8C70008F3A8 /* Main.swift in Sources */,
				952F36EC2737E47F00AF8818 /* LastReplies.swift in Sources */,
				952F36F02737E47F00AF8818 /* Boards.swift in Sources */,
				95C60CD02737EB6A0008F3A8 /* PostCollectionViewCell.swift in Sources */,
				952F36C92737E41B00AF8818 /* AppDelegate.swift in Sources */,
				95C60CDA2737EC800008F3A8 /* UIView+Gradient.swift in Sources */,
				952F36CB2737E41B00AF8818 /* SceneDelegate.swift in Sources */,
				95C60CD42737EC1D0008F3A8 /* UIImage+GIF.swift in Sources */,
				952F36E12737E47600AF8818 /* MainViewController.swift in Sources */,
				952F36EF2737E47F00AF8818 /* ThreadList.swift in Sources */,
				952F36F12737E47F00AF8818 /* Archieve.swift in Sources */,
				95C60CD62737EC3A0008F3A8 /* UIView+Layer.swift in Sources */,
				952F36ED2737E47F00AF8818 /* Threads.swift in Sources */,
			);
			runOnlyForDeploymentPostprocessing = 0;
		};
		95896B47273E54C50061804D /* Sources */ = {
			isa = PBXSourcesBuildPhase;
			buildActionMask = 2147483647;
			files = (
				95896B50273E54C50061804D /* EffervescentUITestsLaunchTests.swift in Sources */,
				95896B4E273E54C50061804D /* EffervescentUITests.swift in Sources */,
				95896B57273E557E0061804D /* SnapshotHelper.swift in Sources */,
			);
			runOnlyForDeploymentPostprocessing = 0;
		};
/* End PBXSourcesBuildPhase section */

/* Begin PBXTargetDependency section */
		95896B52273E54C50061804D /* PBXTargetDependency */ = {
			isa = PBXTargetDependency;
			target = 952F36C42737E41B00AF8818 /* Effervescent */;
			targetProxy = 95896B51273E54C50061804D /* PBXContainerItemProxy */;
		};
/* End PBXTargetDependency section */

/* Begin PBXVariantGroup section */
		952F36CE2737E41B00AF8818 /* Main.storyboard */ = {
			isa = PBXVariantGroup;
			children = (
				952F36CF2737E41B00AF8818 /* Base */,
			);
			name = Main.storyboard;
			sourceTree = "<group>";
		};
		952F36D32737E41E00AF8818 /* LaunchScreen.storyboard */ = {
			isa = PBXVariantGroup;
			children = (
				952F36D42737E41E00AF8818 /* Base */,
			);
			name = LaunchScreen.storyboard;
			sourceTree = "<group>";
		};
/* End PBXVariantGroup section */

/* Begin XCBuildConfiguration section */
		952F36D72737E41E00AF8818 /* Debug */ = {
			isa = XCBuildConfiguration;
			buildSettings = {
				ALWAYS_SEARCH_USER_PATHS = NO;
				CLANG_ANALYZER_NONNULL = YES;
				CLANG_ANALYZER_NUMBER_OBJECT_CONVERSION = YES_AGGRESSIVE;
				CLANG_CXX_LANGUAGE_STANDARD = "gnu++17";
				CLANG_CXX_LIBRARY = "libc++";
				CLANG_ENABLE_MODULES = YES;
				CLANG_ENABLE_OBJC_ARC = YES;
				CLANG_ENABLE_OBJC_WEAK = YES;
				CLANG_WARN_BLOCK_CAPTURE_AUTORELEASING = YES;
				CLANG_WARN_BOOL_CONVERSION = YES;
				CLANG_WARN_COMMA = YES;
				CLANG_WARN_CONSTANT_CONVERSION = YES;
				CLANG_WARN_DEPRECATED_OBJC_IMPLEMENTATIONS = YES;
				CLANG_WARN_DIRECT_OBJC_ISA_USAGE = YES_ERROR;
				CLANG_WARN_DOCUMENTATION_COMMENTS = YES;
				CLANG_WARN_EMPTY_BODY = YES;
				CLANG_WARN_ENUM_CONVERSION = YES;
				CLANG_WARN_INFINITE_RECURSION = YES;
				CLANG_WARN_INT_CONVERSION = YES;
				CLANG_WARN_NON_LITERAL_NULL_CONVERSION = YES;
				CLANG_WARN_OBJC_IMPLICIT_RETAIN_SELF = YES;
				CLANG_WARN_OBJC_LITERAL_CONVERSION = YES;
				CLANG_WARN_OBJC_ROOT_CLASS = YES_ERROR;
				CLANG_WARN_QUOTED_INCLUDE_IN_FRAMEWORK_HEADER = YES;
				CLANG_WARN_RANGE_LOOP_ANALYSIS = YES;
				CLANG_WARN_STRICT_PROTOTYPES = YES;
				CLANG_WARN_SUSPICIOUS_MOVE = YES;
				CLANG_WARN_UNGUARDED_AVAILABILITY = YES_AGGRESSIVE;
				CLANG_WARN_UNREACHABLE_CODE = YES;
				CLANG_WARN__DUPLICATE_METHOD_MATCH = YES;
				COPY_PHASE_STRIP = NO;
				DEBUG_INFORMATION_FORMAT = dwarf;
				ENABLE_STRICT_OBJC_MSGSEND = YES;
				ENABLE_TESTABILITY = YES;
				GCC_C_LANGUAGE_STANDARD = gnu11;
				GCC_DYNAMIC_NO_PIC = NO;
				GCC_NO_COMMON_BLOCKS = YES;
				GCC_OPTIMIZATION_LEVEL = 0;
				GCC_PREPROCESSOR_DEFINITIONS = (
					"DEBUG=1",
					"$(inherited)",
				);
				GCC_WARN_64_TO_32_BIT_CONVERSION = YES;
				GCC_WARN_ABOUT_RETURN_TYPE = YES_ERROR;
				GCC_WARN_UNDECLARED_SELECTOR = YES;
				GCC_WARN_UNINITIALIZED_AUTOS = YES_AGGRESSIVE;
				GCC_WARN_UNUSED_FUNCTION = YES;
				GCC_WARN_UNUSED_VARIABLE = YES;
				IPHONEOS_DEPLOYMENT_TARGET = 15.0;
				MTL_ENABLE_DEBUG_INFO = INCLUDE_SOURCE;
				MTL_FAST_MATH = YES;
				ONLY_ACTIVE_ARCH = YES;
				SDKROOT = iphoneos;
				SWIFT_ACTIVE_COMPILATION_CONDITIONS = DEBUG;
				SWIFT_OPTIMIZATION_LEVEL = "-Onone";
			};
			name = Debug;
		};
		952F36D82737E41E00AF8818 /* Release */ = {
			isa = XCBuildConfiguration;
			buildSettings = {
				ALWAYS_SEARCH_USER_PATHS = NO;
				CLANG_ANALYZER_NONNULL = YES;
				CLANG_ANALYZER_NUMBER_OBJECT_CONVERSION = YES_AGGRESSIVE;
				CLANG_CXX_LANGUAGE_STANDARD = "gnu++17";
				CLANG_CXX_LIBRARY = "libc++";
				CLANG_ENABLE_MODULES = YES;
				CLANG_ENABLE_OBJC_ARC = YES;
				CLANG_ENABLE_OBJC_WEAK = YES;
				CLANG_WARN_BLOCK_CAPTURE_AUTORELEASING = YES;
				CLANG_WARN_BOOL_CONVERSION = YES;
				CLANG_WARN_COMMA = YES;
				CLANG_WARN_CONSTANT_CONVERSION = YES;
				CLANG_WARN_DEPRECATED_OBJC_IMPLEMENTATIONS = YES;
				CLANG_WARN_DIRECT_OBJC_ISA_USAGE = YES_ERROR;
				CLANG_WARN_DOCUMENTATION_COMMENTS = YES;
				CLANG_WARN_EMPTY_BODY = YES;
				CLANG_WARN_ENUM_CONVERSION = YES;
				CLANG_WARN_INFINITE_RECURSION = YES;
				CLANG_WARN_INT_CONVERSION = YES;
				CLANG_WARN_NON_LITERAL_NULL_CONVERSION = YES;
				CLANG_WARN_OBJC_IMPLICIT_RETAIN_SELF = YES;
				CLANG_WARN_OBJC_LITERAL_CONVERSION = YES;
				CLANG_WARN_OBJC_ROOT_CLASS = YES_ERROR;
				CLANG_WARN_QUOTED_INCLUDE_IN_FRAMEWORK_HEADER = YES;
				CLANG_WARN_RANGE_LOOP_ANALYSIS = YES;
				CLANG_WARN_STRICT_PROTOTYPES = YES;
				CLANG_WARN_SUSPICIOUS_MOVE = YES;
				CLANG_WARN_UNGUARDED_AVAILABILITY = YES_AGGRESSIVE;
				CLANG_WARN_UNREACHABLE_CODE = YES;
				CLANG_WARN__DUPLICATE_METHOD_MATCH = YES;
				COPY_PHASE_STRIP = NO;
				DEBUG_INFORMATION_FORMAT = "dwarf-with-dsym";
				ENABLE_NS_ASSERTIONS = NO;
				ENABLE_STRICT_OBJC_MSGSEND = YES;
				GCC_C_LANGUAGE_STANDARD = gnu11;
				GCC_NO_COMMON_BLOCKS = YES;
				GCC_WARN_64_TO_32_BIT_CONVERSION = YES;
				GCC_WARN_ABOUT_RETURN_TYPE = YES_ERROR;
				GCC_WARN_UNDECLARED_SELECTOR = YES;
				GCC_WARN_UNINITIALIZED_AUTOS = YES_AGGRESSIVE;
				GCC_WARN_UNUSED_FUNCTION = YES;
				GCC_WARN_UNUSED_VARIABLE = YES;
				IPHONEOS_DEPLOYMENT_TARGET = 15.0;
				MTL_ENABLE_DEBUG_INFO = NO;
				MTL_FAST_MATH = YES;
				SDKROOT = iphoneos;
				SWIFT_COMPILATION_MODE = wholemodule;
				SWIFT_OPTIMIZATION_LEVEL = "-O";
				VALIDATE_PRODUCT = YES;
			};
			name = Release;
		};
		952F36DA2737E41E00AF8818 /* Debug */ = {
			isa = XCBuildConfiguration;
			baseConfigurationReference = AA6ABC6B734ACC9B9B7B6664 /* Pods-Effervescent.debug.xcconfig */;
			buildSettings = {
				ASSETCATALOG_COMPILER_APPICON_NAME = AppIcon;
				ASSETCATALOG_COMPILER_GLOBAL_ACCENT_COLOR_NAME = AccentColor;
				CODE_SIGN_STYLE = Automatic;
				CURRENT_PROJECT_VERSION = 1;
				DEVELOPMENT_TEAM = 5QBKV6HE8P;
				GENERATE_INFOPLIST_FILE = YES;
				INFOPLIST_FILE = "/Users/oguzhan.varsak/Developer/Effervescent/Effervescent/Supporting Files/Info.plist";
				INFOPLIST_KEY_UIApplicationSupportsIndirectInputEvents = YES;
				INFOPLIST_KEY_UILaunchStoryboardName = LaunchScreen;
				INFOPLIST_KEY_UIMainStoryboardFile = Main;
				INFOPLIST_KEY_UISupportedInterfaceOrientations_iPad = "UIInterfaceOrientationPortrait UIInterfaceOrientationPortraitUpsideDown UIInterfaceOrientationLandscapeLeft UIInterfaceOrientationLandscapeRight";
				INFOPLIST_KEY_UISupportedInterfaceOrientations_iPhone = "UIInterfaceOrientationPortrait UIInterfaceOrientationLandscapeLeft UIInterfaceOrientationLandscapeRight";
				IPHONEOS_DEPLOYMENT_TARGET = 13.0;
				LD_RUNPATH_SEARCH_PATHS = (
					"$(inherited)",
					"@executable_path/Frameworks",
				);
				MARKETING_VERSION = 1.0;
				PRODUCT_BUNDLE_IDENTIFIER = com.oguzhanvarsak.Effervescent;
				PRODUCT_NAME = "$(TARGET_NAME)";
				SWIFT_EMIT_LOC_STRINGS = YES;
				SWIFT_VERSION = 5.0;
				TARGETED_DEVICE_FAMILY = 1;
			};
			name = Debug;
		};
		952F36DB2737E41E00AF8818 /* Release */ = {
			isa = XCBuildConfiguration;
			baseConfigurationReference = 1944A8438B412280CFB321C0 /* Pods-Effervescent.release.xcconfig */;
			buildSettings = {
				ASSETCATALOG_COMPILER_APPICON_NAME = AppIcon;
				ASSETCATALOG_COMPILER_GLOBAL_ACCENT_COLOR_NAME = AccentColor;
				CODE_SIGN_STYLE = Automatic;
				CURRENT_PROJECT_VERSION = 1;
				DEVELOPMENT_TEAM = 5QBKV6HE8P;
				GENERATE_INFOPLIST_FILE = YES;
				INFOPLIST_FILE = "/Users/oguzhan.varsak/Developer/Effervescent/Effervescent/Supporting Files/Info.plist";
				INFOPLIST_KEY_UIApplicationSupportsIndirectInputEvents = YES;
				INFOPLIST_KEY_UILaunchStoryboardName = LaunchScreen;
				INFOPLIST_KEY_UIMainStoryboardFile = Main;
				INFOPLIST_KEY_UISupportedInterfaceOrientations_iPad = "UIInterfaceOrientationPortrait UIInterfaceOrientationPortraitUpsideDown UIInterfaceOrientationLandscapeLeft UIInterfaceOrientationLandscapeRight";
				INFOPLIST_KEY_UISupportedInterfaceOrientations_iPhone = "UIInterfaceOrientationPortrait UIInterfaceOrientationLandscapeLeft UIInterfaceOrientationLandscapeRight";
				IPHONEOS_DEPLOYMENT_TARGET = 13.0;
				LD_RUNPATH_SEARCH_PATHS = (
					"$(inherited)",
					"@executable_path/Frameworks",
				);
				MARKETING_VERSION = 1.0;
				PRODUCT_BUNDLE_IDENTIFIER = com.oguzhanvarsak.Effervescent;
				PRODUCT_NAME = "$(TARGET_NAME)";
				SWIFT_EMIT_LOC_STRINGS = YES;
				SWIFT_VERSION = 5.0;
				TARGETED_DEVICE_FAMILY = 1;
			};
			name = Release;
		};
		95896B53273E54C50061804D /* Debug */ = {
			isa = XCBuildConfiguration;
			buildSettings = {
				CODE_SIGN_STYLE = Automatic;
				CURRENT_PROJECT_VERSION = 1;
				DEVELOPMENT_TEAM = 5QBKV6HE8P;
				GENERATE_INFOPLIST_FILE = YES;
				IPHONEOS_DEPLOYMENT_TARGET = 13.0;
				LD_RUNPATH_SEARCH_PATHS = (
					"$(inherited)",
					"@executable_path/Frameworks",
					"@loader_path/Frameworks",
				);
				MARKETING_VERSION = 1.0;
				PRODUCT_BUNDLE_IDENTIFIER = com.oguzhanvarsak.EffervescentUITests;
				PRODUCT_NAME = "$(TARGET_NAME)";
				SWIFT_EMIT_LOC_STRINGS = NO;
				SWIFT_VERSION = 5.0;
				TARGETED_DEVICE_FAMILY = "1,2";
				TEST_TARGET_NAME = Effervescent;
			};
			name = Debug;
		};
		95896B54273E54C50061804D /* Release */ = {
			isa = XCBuildConfiguration;
			buildSettings = {
				CODE_SIGN_STYLE = Automatic;
				CURRENT_PROJECT_VERSION = 1;
				DEVELOPMENT_TEAM = 5QBKV6HE8P;
				GENERATE_INFOPLIST_FILE = YES;
				IPHONEOS_DEPLOYMENT_TARGET = 13.0;
				LD_RUNPATH_SEARCH_PATHS = (
					"$(inherited)",
					"@executable_path/Frameworks",
					"@loader_path/Frameworks",
				);
				MARKETING_VERSION = 1.0;
				PRODUCT_BUNDLE_IDENTIFIER = com.oguzhanvarsak.EffervescentUITests;
				PRODUCT_NAME = "$(TARGET_NAME)";
				SWIFT_EMIT_LOC_STRINGS = NO;
				SWIFT_VERSION = 5.0;
				TARGETED_DEVICE_FAMILY = "1,2";
				TEST_TARGET_NAME = Effervescent;
			};
			name = Release;
		};
/* End XCBuildConfiguration section */

/* Begin XCConfigurationList section */
		952F36C02737E41B00AF8818 /* Build configuration list for PBXProject "Effervescent" */ = {
			isa = XCConfigurationList;
			buildConfigurations = (
				952F36D72737E41E00AF8818 /* Debug */,
				952F36D82737E41E00AF8818 /* Release */,
			);
			defaultConfigurationIsVisible = 0;
			defaultConfigurationName = Release;
		};
		952F36D92737E41E00AF8818 /* Build configuration list for PBXNativeTarget "Effervescent" */ = {
			isa = XCConfigurationList;
			buildConfigurations = (
				952F36DA2737E41E00AF8818 /* Debug */,
				952F36DB2737E41E00AF8818 /* Release */,
			);
			defaultConfigurationIsVisible = 0;
			defaultConfigurationName = Release;
		};
		95896B55273E54C50061804D /* Build configuration list for PBXNativeTarget "EffervescentUITests" */ = {
			isa = XCConfigurationList;
			buildConfigurations = (
				95896B53273E54C50061804D /* Debug */,
				95896B54273E54C50061804D /* Release */,
			);
			defaultConfigurationIsVisible = 0;
			defaultConfigurationName = Release;
		};
/* End XCConfigurationList section */
	};
	rootObject = 952F36BD2737E41B00AF8818 /* Project object */;
}
